
Microsoft Visual Studio Solution File, Format Version 12.00
# Visual Studio Version 17
VisualStudioVersion = 17.13.35806.99
MinimumVisualStudioVersion = 10.0.40219.1
Project("{FAE04EC0-301F-11D3-BF4B-00C04F79EFBC}") = "DSoft.System.Helpers", "DSoft.System.Helpers\DSoft.System.Helpers.csproj", "{CD3DCE7E-1F78-49DB-AE97-D0C1B0FAB016}"
EndProject
Project("{2150E333-8FDC-42A3-9474-1A3956D46DE8}") = ".ci", ".ci", "{02EA681E-C7D8-13C7-8484-4AC65E1B71E8}"
	ProjectSection(SolutionItems) = preProject
		azure-pipelines-mergetest.yml = azure-pipelines-mergetest.yml
		azure-pipelines-release.yml = azure-pipelines-release.yml
		Directory.Build.props = Directory.Build.props
	EndProjectSection
EndProject
Global
	GlobalSection(SolutionConfigurationPlatforms) = preSolution
		Debug|Any CPU = Debug|Any CPU
		Release|Any CPU = Release|Any CPU
	EndGlobalSection
	GlobalSection(ProjectConfigurationPlatforms) = postSolution
		{CD3DCE7E-1F78-49DB-AE97-D0C1B0FAB016}.Debug|Any CPU.ActiveCfg = Debug|Any CPU
		{CD3DCE7E-1F78-49DB-AE97-D0C1B0FAB016}.Debug|Any CPU.Build.0 = Debug|Any CPU
		{CD3DCE7E-1F78-49DB-AE97-D0C1B0FAB016}.Release|Any CPU.ActiveCfg = Release|Any CPU
		{CD3DCE7E-1F78-49DB-AE97-D0C1B0FAB016}.Release|Any CPU.Build.0 = Release|Any CPU
	EndGlobalSection
	GlobalSection(SolutionProperties) = preSolution
		HideSolutionNode = FALSE
	EndGlobalSection
	GlobalSection(ExtensibilityGlobals) = postSolution
		SolutionGuid = {A5DAF038-752D-4754-9F69-359ABADE38AE}
	EndGlobalSection
EndGlobal
